
Microsoft Visual Studio Solution File, Format Version 12.00
# Visual Studio Version 17
VisualStudioVersion = 17.8.34316.72
MinimumVisualStudioVersion = 10.0.40219.1
Project("{9A19103F-16F7-4668-BE54-9A1E7A4F7556}") = "StudentInformation", "StudentInformation.csproj", "{F2BFB5EF-28D8-4803-BA17-F62E3B8B1663}"
EndProject
Global
	GlobalSection(SolutionConfigurationPlatforms) = preSolution
		Debug|Any CPU = Debug|Any CPU
		Release|Any CPU = Release|Any CPU
	EndGlobalSection
	GlobalSection(ProjectConfigurationPlatforms) = postSolution
		{F2BFB5EF-28D8-4803-BA17-F62E3B8B1663}.Debug|Any CPU.ActiveCfg = Debug|Any CPU
		{F2BFB5EF-28D8-4803-BA17-F62E3B8B1663}.Debug|Any CPU.Build.0 = Debug|Any CPU
		{F2BFB5EF-28D8-4803-BA17-F62E3B8B1663}.Release|Any CPU.ActiveCfg = Release|Any CPU
		{F2BFB5EF-28D8-4803-BA17-F62E3B8B1663}.Release|Any CPU.Build.0 = Release|Any CPU
	EndGlobalSection
	GlobalSection(SolutionProperties) = preSolution
		HideSolutionNode = FALSE
	EndGlobalSection
	GlobalSection(ExtensibilityGlobals) = postSolution
		SolutionGuid = {0CBBFE68-A2A4-4E60-AB44-CB345F94073A}
	EndGlobalSection
EndGlobal
